
Microsoft Visual Studio Solution File, Format Version 12.00
# Visual Studio Version 17
VisualStudioVersion = 17.8.34330.188
MinimumVisualStudioVersion = 10.0.40219.1
Project("{9A19103F-16F7-4668-BE54-9A1E7A4F7556}") = "dc_app.Server", "dc_app.Server\dc_app.Server.csproj", "{3F258DCD-B326-4FB7-AE54-F468772AE417}"
EndProject
Project("{54A90642-561A-4BB1-A94E-469ADEE60C69}") = "dc_app.client", "dc_app.client\dc_app.client.esproj", "{EE3B39D8-BD2C-4E8F-AEFF-A51F00A67DAD}"
EndProject
Project("{9A19103F-16F7-4668-BE54-9A1E7A4F7556}") = "dc_app.ServiceLibrary", "dc_app.ServiceLibrary\dc_app.ServiceLibrary.csproj", "{577DC56F-D75B-455F-907A-DB788FC120CA}"
EndProject
Project("{9A19103F-16F7-4668-BE54-9A1E7A4F7556}") = "dc_app.Tests", "dc_app.Tests\dc_app.Tests.csproj", "{462467C9-6DD0-413C-8DC3-AFF677FE3CDA}"
EndProject
Project("{E53339B2-1760-4266-BCC7-CA923CBCF16C}") = "docker-compose", "docker-compose.dcproj", "{6087D9F7-B08D-47F5-BAEF-79107DF5C4F3}"
EndProject
Global
	GlobalSection(SolutionConfigurationPlatforms) = preSolution
		Debug|Any CPU = Debug|Any CPU
		Release|Any CPU = Release|Any CPU
	EndGlobalSection
	GlobalSection(ProjectConfigurationPlatforms) = postSolution
		{3F258DCD-B326-4FB7-AE54-F468772AE417}.Debug|Any CPU.ActiveCfg = Debug|Any CPU
		{3F258DCD-B326-4FB7-AE54-F468772AE417}.Debug|Any CPU.Build.0 = Debug|Any CPU
		{3F258DCD-B326-4FB7-AE54-F468772AE417}.Release|Any CPU.ActiveCfg = Release|Any CPU
		{3F258DCD-B326-4FB7-AE54-F468772AE417}.Release|Any CPU.Build.0 = Release|Any CPU
		{EE3B39D8-BD2C-4E8F-AEFF-A51F00A67DAD}.Debug|Any CPU.ActiveCfg = Debug|Any CPU
		{EE3B39D8-BD2C-4E8F-AEFF-A51F00A67DAD}.Release|Any CPU.ActiveCfg = Release|Any CPU
		{EE3B39D8-BD2C-4E8F-AEFF-A51F00A67DAD}.Release|Any CPU.Build.0 = Release|Any CPU
		{EE3B39D8-BD2C-4E8F-AEFF-A51F00A67DAD}.Release|Any CPU.Deploy.0 = Release|Any CPU
		{577DC56F-D75B-455F-907A-DB788FC120CA}.Debug|Any CPU.ActiveCfg = Debug|Any CPU
		{577DC56F-D75B-455F-907A-DB788FC120CA}.Debug|Any CPU.Build.0 = Debug|Any CPU
		{577DC56F-D75B-455F-907A-DB788FC120CA}.Release|Any CPU.ActiveCfg = Release|Any CPU
		{577DC56F-D75B-455F-907A-DB788FC120CA}.Release|Any CPU.Build.0 = Release|Any CPU
		{462467C9-6DD0-413C-8DC3-AFF677FE3CDA}.Debug|Any CPU.ActiveCfg = Debug|Any CPU
		{462467C9-6DD0-413C-8DC3-AFF677FE3CDA}.Release|Any CPU.ActiveCfg = Release|Any CPU
		{462467C9-6DD0-413C-8DC3-AFF677FE3CDA}.Release|Any CPU.Build.0 = Release|Any CPU
		{6087D9F7-B08D-47F5-BAEF-79107DF5C4F3}.Debug|Any CPU.ActiveCfg = Debug|Any CPU
		{6087D9F7-B08D-47F5-BAEF-79107DF5C4F3}.Debug|Any CPU.Build.0 = Debug|Any CPU
		{6087D9F7-B08D-47F5-BAEF-79107DF5C4F3}.Release|Any CPU.ActiveCfg = Release|Any CPU
		{6087D9F7-B08D-47F5-BAEF-79107DF5C4F3}.Release|Any CPU.Build.0 = Release|Any CPU
	EndGlobalSection
	GlobalSection(SolutionProperties) = preSolution
		HideSolutionNode = FALSE
	EndGlobalSection
	GlobalSection(ExtensibilityGlobals) = postSolution
		SolutionGuid = {531CD834-B745-494B-A98B-849D6114C5E5}
	EndGlobalSection
EndGlobal
